
Microsoft Visual Studio Solution File, Format Version 12.00
# Visual Studio Version 17
VisualStudioVersion = 17.8.34601.278
MinimumVisualStudioVersion = 10.0.40219.1
Project("{FAE04EC0-301F-11D3-BF4B-00C04F79EFBC}") = "Proje_Hastane", "Proje_Hastane\Proje_Hastane.csproj", "{268256BD-2F1E-40DA-AFC6-503E054B67D4}"
EndProject
Global
	GlobalSection(SolutionConfigurationPlatforms) = preSolution
		Debug|Any CPU = Debug|Any CPU
		Release|Any CPU = Release|Any CPU
	EndGlobalSection
	GlobalSection(ProjectConfigurationPlatforms) = postSolution
		{268256BD-2F1E-40DA-AFC6-503E054B67D4}.Debug|Any CPU.ActiveCfg = Debug|Any CPU
		{268256BD-2F1E-40DA-AFC6-503E054B67D4}.Debug|Any CPU.Build.0 = Debug|Any CPU
		{268256BD-2F1E-40DA-AFC6-503E054B67D4}.Release|Any CPU.ActiveCfg = Release|Any CPU
		{268256BD-2F1E-40DA-AFC6-503E054B67D4}.Release|Any CPU.Build.0 = Release|Any CPU
	EndGlobalSection
	GlobalSection(SolutionProperties) = preSolution
		HideSolutionNode = FALSE
	EndGlobalSection
	GlobalSection(ExtensibilityGlobals) = postSolution
		SolutionGuid = {C2FC3D54-106B-49C0-88BA-03A5192F7391}
	EndGlobalSection
EndGlobal
